
Microsoft Visual Studio Solution File, Format Version 12.00
# Visual Studio Version 17
VisualStudioVersion = 17.8.34525.116
MinimumVisualStudioVersion = 10.0.40219.1
Project("{9A19103F-16F7-4668-BE54-9A1E7A4F7556}") = "AuthServer.API", "AuthServer.API\AuthServer.API.csproj", "{BAB7EDF6-2095-4195-B0A4-C7853BF5AB4A}"
EndProject
Project("{9A19103F-16F7-4668-BE54-9A1E7A4F7556}") = "AuthServer.Core", "AuthServer.Core\AuthServer.Core.csproj", "{05C5F2FA-6B5B-4A71-B58F-0BEC9062A471}"
EndProject
Project("{9A19103F-16F7-4668-BE54-9A1E7A4F7556}") = "AuthServer.Data", "AuthServer.Data\AuthServer.Data.csproj", "{06C97D25-5342-4685-90D1-13ED7FE53BC3}"
EndProject
Project("{9A19103F-16F7-4668-BE54-9A1E7A4F7556}") = "AuthServer.Service", "AuthServer.Service\AuthServer.Service.csproj", "{AA322D6E-BD91-491B-B87D-61EFFD6B5A27}"
EndProject
Project("{9A19103F-16F7-4668-BE54-9A1E7A4F7556}") = "MiniAuth.API", "MiniApp1.API\MiniAuth.API.csproj", "{7FC9F90E-2DF2-4BF7-BE01-E0D791FD5CDC}"
EndProject
Project("{9A19103F-16F7-4668-BE54-9A1E7A4F7556}") = "MiniAuth3.API", "MiniApp3.API\MiniAuth3.API.csproj", "{8C731573-B7D3-4EBC-8B97-953505CF5B32}"
EndProject
Project("{9A19103F-16F7-4668-BE54-9A1E7A4F7556}") = "SharedLibrary", "SharedLibrary\SharedLibrary.csproj", "{4233AC5F-5B90-4193-8AE7-31FB7AF8B7FE}"
EndProject
Project("{FAE04EC0-301F-11D3-BF4B-00C04F79EFBC}") = "MiniAuth2.API", "MiniAuth2.API\MiniAuth2.API.csproj", "{502C7F80-C078-420A-9DEA-DD07BB6E9DB8}"
EndProject
Global
	GlobalSection(SolutionConfigurationPlatforms) = preSolution
		Debug|Any CPU = Debug|Any CPU
		Release|Any CPU = Release|Any CPU
	EndGlobalSection
	GlobalSection(ProjectConfigurationPlatforms) = postSolution
		{BAB7EDF6-2095-4195-B0A4-C7853BF5AB4A}.Debug|Any CPU.ActiveCfg = Debug|Any CPU
		{BAB7EDF6-2095-4195-B0A4-C7853BF5AB4A}.Debug|Any CPU.Build.0 = Debug|Any CPU
		{BAB7EDF6-2095-4195-B0A4-C7853BF5AB4A}.Release|Any CPU.ActiveCfg = Release|Any CPU
		{BAB7EDF6-2095-4195-B0A4-C7853BF5AB4A}.Release|Any CPU.Build.0 = Release|Any CPU
		{05C5F2FA-6B5B-4A71-B58F-0BEC9062A471}.Debug|Any CPU.ActiveCfg = Debug|Any CPU
		{05C5F2FA-6B5B-4A71-B58F-0BEC9062A471}.Debug|Any CPU.Build.0 = Debug|Any CPU
		{05C5F2FA-6B5B-4A71-B58F-0BEC9062A471}.Release|Any CPU.ActiveCfg = Release|Any CPU
		{05C5F2FA-6B5B-4A71-B58F-0BEC9062A471}.Release|Any CPU.Build.0 = Release|Any CPU
		{06C97D25-5342-4685-90D1-13ED7FE53BC3}.Debug|Any CPU.ActiveCfg = Debug|Any CPU
		{06C97D25-5342-4685-90D1-13ED7FE53BC3}.Debug|Any CPU.Build.0 = Debug|Any CPU
		{06C97D25-5342-4685-90D1-13ED7FE53BC3}.Release|Any CPU.ActiveCfg = Release|Any CPU
		{06C97D25-5342-4685-90D1-13ED7FE53BC3}.Release|Any CPU.Build.0 = Release|Any CPU
		{AA322D6E-BD91-491B-B87D-61EFFD6B5A27}.Debug|Any CPU.ActiveCfg = Debug|Any CPU
		{AA322D6E-BD91-491B-B87D-61EFFD6B5A27}.Debug|Any CPU.Build.0 = Debug|Any CPU
		{AA322D6E-BD91-491B-B87D-61EFFD6B5A27}.Release|Any CPU.ActiveCfg = Release|Any CPU
		{AA322D6E-BD91-491B-B87D-61EFFD6B5A27}.Release|Any CPU.Build.0 = Release|Any CPU
		{7FC9F90E-2DF2-4BF7-BE01-E0D791FD5CDC}.Debug|Any CPU.ActiveCfg = Debug|Any CPU
		{7FC9F90E-2DF2-4BF7-BE01-E0D791FD5CDC}.Debug|Any CPU.Build.0 = Debug|Any CPU
		{7FC9F90E-2DF2-4BF7-BE01-E0D791FD5CDC}.Release|Any CPU.ActiveCfg = Release|Any CPU
		{7FC9F90E-2DF2-4BF7-BE01-E0D791FD5CDC}.Release|Any CPU.Build.0 = Release|Any CPU
		{8C731573-B7D3-4EBC-8B97-953505CF5B32}.Debug|Any CPU.ActiveCfg = Debug|Any CPU
		{8C731573-B7D3-4EBC-8B97-953505CF5B32}.Debug|Any CPU.Build.0 = Debug|Any CPU
		{8C731573-B7D3-4EBC-8B97-953505CF5B32}.Release|Any CPU.ActiveCfg = Release|Any CPU
		{8C731573-B7D3-4EBC-8B97-953505CF5B32}.Release|Any CPU.Build.0 = Release|Any CPU
		{4233AC5F-5B90-4193-8AE7-31FB7AF8B7FE}.Debug|Any CPU.ActiveCfg = Debug|Any CPU
		{4233AC5F-5B90-4193-8AE7-31FB7AF8B7FE}.Debug|Any CPU.Build.0 = Debug|Any CPU
		{4233AC5F-5B90-4193-8AE7-31FB7AF8B7FE}.Release|Any CPU.ActiveCfg = Release|Any CPU
		{4233AC5F-5B90-4193-8AE7-31FB7AF8B7FE}.Release|Any CPU.Build.0 = Release|Any CPU
		{502C7F80-C078-420A-9DEA-DD07BB6E9DB8}.Debug|Any CPU.ActiveCfg = Debug|Any CPU
		{502C7F80-C078-420A-9DEA-DD07BB6E9DB8}.Debug|Any CPU.Build.0 = Debug|Any CPU
		{502C7F80-C078-420A-9DEA-DD07BB6E9DB8}.Release|Any CPU.ActiveCfg = Release|Any CPU
		{502C7F80-C078-420A-9DEA-DD07BB6E9DB8}.Release|Any CPU.Build.0 = Release|Any CPU
	EndGlobalSection
	GlobalSection(SolutionProperties) = preSolution
		HideSolutionNode = FALSE
	EndGlobalSection
	GlobalSection(ExtensibilityGlobals) = postSolution
		SolutionGuid = {7EB03672-4B23-450E-92A2-AD95F43C52D3}
	EndGlobalSection
EndGlobal
