
Microsoft Visual Studio Solution File, Format Version 12.00
# Visual Studio Version 17
VisualStudioVersion = 17.8.34525.116
MinimumVisualStudioVersion = 10.0.40219.1
Project("{FAE04EC0-301F-11D3-BF4B-00C04F79EFBC}") = "AuthServer.API", "AuthServer.API\AuthServer.API.csproj", "{BAB7EDF6-2095-4195-B0A4-C7853BF5AB4A}"
EndProject
Global
	GlobalSection(SolutionConfigurationPlatforms) = preSolution
		Debug|Any CPU = Debug|Any CPU
		Release|Any CPU = Release|Any CPU
	EndGlobalSection
	GlobalSection(ProjectConfigurationPlatforms) = postSolution
		{BAB7EDF6-2095-4195-B0A4-C7853BF5AB4A}.Debug|Any CPU.ActiveCfg = Debug|Any CPU
		{BAB7EDF6-2095-4195-B0A4-C7853BF5AB4A}.Debug|Any CPU.Build.0 = Debug|Any CPU
		{BAB7EDF6-2095-4195-B0A4-C7853BF5AB4A}.Release|Any CPU.ActiveCfg = Release|Any CPU
		{BAB7EDF6-2095-4195-B0A4-C7853BF5AB4A}.Release|Any CPU.Build.0 = Release|Any CPU
	EndGlobalSection
	GlobalSection(SolutionProperties) = preSolution
		HideSolutionNode = FALSE
	EndGlobalSection
	GlobalSection(ExtensibilityGlobals) = postSolution
		SolutionGuid = {7EB03672-4B23-450E-92A2-AD95F43C52D3}
	EndGlobalSection
EndGlobal
